
Microsoft Visual Studio Solution File, Format Version 12.00
# Visual Studio 14
VisualStudioVersion = 14.0.25420.1
MinimumVisualStudioVersion = 10.0.40219.1
Project("{2150E333-8FDC-42A3-9474-1A3956D46DE8}") = "src", "src", "{95F0AAD2-89EA-4A8A-A270-E929D693ED09}"
EndProject
Project("{2150E333-8FDC-42A3-9474-1A3956D46DE8}") = "Solution Items", "Solution Items", "{D11007ED-D426-43BC-AE02-A0B98A88F463}"
	ProjectSection(SolutionItems) = preProject
		global.json = global.json
	EndProjectSection
EndProject
Project("{8BB2217D-0F2D-49D1-97BC-3654ED321F3B}") = "Polly.NetCore", "Polly.NetCore\Polly.NetCore.xproj", "{ECD31231-3A48-49AD-B1DB-4E98FA284BC5}"
EndProject
Global
	GlobalSection(SolutionConfigurationPlatforms) = preSolution
		Debug|Any CPU = Debug|Any CPU
		Release|Any CPU = Release|Any CPU
	EndGlobalSection
	GlobalSection(ProjectConfigurationPlatforms) = postSolution
		{ECD31231-3A48-49AD-B1DB-4E98FA284BC5}.Debug|Any CPU.ActiveCfg = Debug|Any CPU
		{ECD31231-3A48-49AD-B1DB-4E98FA284BC5}.Debug|Any CPU.Build.0 = Debug|Any CPU
		{ECD31231-3A48-49AD-B1DB-4E98FA284BC5}.Release|Any CPU.ActiveCfg = Release|Any CPU
		{ECD31231-3A48-49AD-B1DB-4E98FA284BC5}.Release|Any CPU.Build.0 = Release|Any CPU
	EndGlobalSection
	GlobalSection(SolutionProperties) = preSolution
		HideSolutionNode = FALSE
	EndGlobalSection
	GlobalSection(NestedProjects) = preSolution
		{ECD31231-3A48-49AD-B1DB-4E98FA284BC5} = {95F0AAD2-89EA-4A8A-A270-E929D693ED09}
	EndGlobalSection
EndGlobal
